<?xml version="1.0" encoding="utf-8"?>
<Project ToolsVersion="4.0" xmlns="http://schemas.microsoft.com/developer/msbuild/2003">
  <ItemGroup>
    <ResourceCompile Include="GLRT.rc" />
  </ItemGroup>
  <ItemGroup>
    <Filter Include="3rdparty">
      <UniqueIdentifier>{a52bc356-5ac4-4d1b-b7e4-526cb52000f8}</UniqueIdentifier>
    </Filter>
    <Filter Include="utils">
      <UniqueIdentifier>{9ad0f609-cb94-49b7-a691-5c75ed87dcc4}</UniqueIdentifier>
    </Filter>
    <Filter Include="examples">
      <UniqueIdentifier>{979e4b9d-7d58-4792-9c15-7b5216928732}</UniqueIdentifier>
    </Filter>
    <Filter Include="3rdparty\imgui">
      <UniqueIdentifier>{3b9081de-328c-4fe8-a108-014508d80fe4}</UniqueIdentifier>
    </Filter>
    <Filter Include="src">
      <UniqueIdentifier>{1de7ee76-0e10-4cef-a0a2-f2bae4300a81}</UniqueIdentifier>
    </Filter>
    <Filter Include="src\core">
      <UniqueIdentifier>{9ad40266-207e-4236-b91b-1c03bbbd3bd4}</UniqueIdentifier>
    </Filter>
    <Filter Include="src\scene">
      <UniqueIdentifier>{94cfd9de-7c0e-43ac-bb16-3811ef55c8f0}</UniqueIdentifier>
    </Filter>
    <Filter Include="src\lua">
      <UniqueIdentifier>{775cd294-871b-477a-9609-57a655b397ff}</UniqueIdentifier>
    </Filter>
  </ItemGroup>
  <ItemGroup>
    <ClCompile Include="utils\buffer_builder.cpp">
      <Filter>utils</Filter>
    </ClCompile>
    <ClCompile Include="utils\glhelpers.cpp">
      <Filter>utils</Filter>
    </ClCompile>
    <ClCompile Include="utils\log.cpp">
      <Filter>utils</Filter>
    </ClCompile>
    <ClCompile Include="utils\stdhelpers.cpp">
      <Filter>utils</Filter>
    </ClCompile>
    <ClCompile Include="utils\vertex_buffer_builder.cpp">
      <Filter>utils</Filter>
    </ClCompile>
    <ClCompile Include="3rdparty\bsp30\src\BSPLoader.cpp">
      <Filter>3rdparty</Filter>
    </ClCompile>
    <ClCompile Include="3rdparty\wad\src\WADFile.cpp">
      <Filter>3rdparty</Filter>
    </ClCompile>
    <ClCompile Include="3rdparty\glad\src\glad.c">
      <Filter>3rdparty</Filter>
    </ClCompile>
    <ClCompile Include="examples\empty3d\empty3d.cpp">
      <Filter>examples</Filter>
    </ClCompile>
    <ClCompile Include="examples\flightsimulator\flightsimulator.cpp">
      <Filter>examples</Filter>
    </ClCompile>
    <ClCompile Include="examples\halflife1\halflife1.cpp">
      <Filter>examples</Filter>
    </ClCompile>
    <ClCompile Include="examples\hellotriangle\hellotriangle.cpp">
      <Filter>examples</Filter>
    </ClCompile>
    <ClCompile Include="examples\pbr\pbr.cpp">
      <Filter>examples</Filter>
    </ClCompile>
    <ClCompile Include="examples\teapot\teapot.cpp">
      <Filter>examples</Filter>
    </ClCompile>
    <ClCompile Include="examples\terrain\Terrain.cpp">
      <Filter>examples</Filter>
    </ClCompile>
    <ClCompile Include="examples\ui\ui.cpp">
      <Filter>examples</Filter>
    </ClCompile>
    <ClCompile Include="examples\uicanvas\uicanvas.cpp">
      <Filter>examples</Filter>
    </ClCompile>
    <ClCompile Include="3rdparty\imgui-glrt\src\imgui.cpp">
      <Filter>3rdparty\imgui</Filter>
    </ClCompile>
    <ClCompile Include="3rdparty\imgui-glrt\src\imgui_demo.cpp">
      <Filter>3rdparty\imgui</Filter>
    </ClCompile>
    <ClCompile Include="3rdparty\imgui-glrt\src\imgui_draw.cpp">
      <Filter>3rdparty\imgui</Filter>
    </ClCompile>
    <ClCompile Include="3rdparty\imgui-glrt\src\imgui_impl_opengl3.cpp">
      <Filter>3rdparty\imgui</Filter>
    </ClCompile>
    <ClCompile Include="3rdparty\imgui-glrt\src\imgui_impl_win32.cpp">
      <Filter>3rdparty\imgui</Filter>
    </ClCompile>
    <ClCompile Include="3rdparty\imgui-glrt\src\imgui_tables.cpp">
      <Filter>3rdparty\imgui</Filter>
    </ClCompile>
    <ClCompile Include="3rdparty\imgui-glrt\src\imgui_widgets.cpp">
      <Filter>3rdparty\imgui</Filter>
    </ClCompile>
    <ClCompile Include="src\Application.cpp">
      <Filter>src\core</Filter>
    </ClCompile>
    <ClCompile Include="src\Camera.cpp">
      <Filter>src\core</Filter>
    </ClCompile>
    <ClCompile Include="src\Light.cpp">
      <Filter>src\core</Filter>
    </ClCompile>
    <ClCompile Include="src\Material.cpp">
      <Filter>src\core</Filter>
    </ClCompile>
    <ClCompile Include="src\Mesh.cpp">
      <Filter>src\core</Filter>
    </ClCompile>
    <ClCompile Include="src\Renderer.cpp">
      <Filter>src\core</Filter>
    </ClCompile>
    <ClCompile Include="src\RenderTarget.cpp">
      <Filter>src\core</Filter>
    </ClCompile>
    <ClCompile Include="src\ResourceMonitor.cpp">
      <Filter>src\core</Filter>
    </ClCompile>
    <ClCompile Include="src\Shader.cpp">
      <Filter>src\core</Filter>
    </ClCompile>
    <ClCompile Include="src\Texture.cpp">
      <Filter>src\core</Filter>
    </ClCompile>
    <ClCompile Include="src\Window.cpp">
      <Filter>src\core</Filter>
    </ClCompile>
    <ClCompile Include="src\scene\scene.cpp">
      <Filter>src\scene</Filter>
    </ClCompile>
    <ClCompile Include="src\scene\node.cpp">
      <Filter>src\scene</Filter>
    </ClCompile>
    <ClCompile Include="examples\hierarchy\hierarchy.cpp">
      <Filter>examples</Filter>
    </ClCompile>
    <ClCompile Include="examples\wireframe\wireframe.cpp">
      <Filter>examples</Filter>
    </ClCompile>
    <ClCompile Include="3rdparty\lua\lua540\lapi.c">
      <Filter>src\lua</Filter>
    </ClCompile>
    <ClCompile Include="3rdparty\lua\lua540\lauxlib.c">
      <Filter>src\lua</Filter>
    </ClCompile>
    <ClCompile Include="3rdparty\lua\lua540\lbaselib.c">
      <Filter>src\lua</Filter>
    </ClCompile>
    <ClCompile Include="3rdparty\lua\lua540\lcode.c">
      <Filter>src\lua</Filter>
    </ClCompile>
    <ClCompile Include="3rdparty\lua\lua540\lcorolib.c">
      <Filter>src\lua</Filter>
    </ClCompile>
    <ClCompile Include="3rdparty\lua\lua540\lctype.c">
      <Filter>src\lua</Filter>
    </ClCompile>
    <ClCompile Include="3rdparty\lua\lua540\ldblib.c">
      <Filter>src\lua</Filter>
    </ClCompile>
    <ClCompile Include="3rdparty\lua\lua540\ldebug.c">
      <Filter>src\lua</Filter>
    </ClCompile>
    <ClCompile Include="3rdparty\lua\lua540\ldo.c">
      <Filter>src\lua</Filter>
    </ClCompile>
    <ClCompile Include="3rdparty\lua\lua540\ldump.c">
      <Filter>src\lua</Filter>
    </ClCompile>
    <ClCompile Include="3rdparty\lua\lua540\lfunc.c">
      <Filter>src\lua</Filter>
    </ClCompile>
    <ClCompile Include="3rdparty\lua\lua540\lgc.c">
      <Filter>src\lua</Filter>
    </ClCompile>
    <ClCompile Include="3rdparty\lua\lua540\linit.c">
      <Filter>src\lua</Filter>
    </ClCompile>
    <ClCompile Include="3rdparty\lua\lua540\liolib.c">
      <Filter>src\lua</Filter>
    </ClCompile>
    <ClCompile Include="3rdparty\lua\lua540\llex.c">
      <Filter>src\lua</Filter>
    </ClCompile>
    <ClCompile Include="3rdparty\lua\lua540\lmathlib.c">
      <Filter>src\lua</Filter>
    </ClCompile>
    <ClCompile Include="3rdparty\lua\lua540\lmem.c">
      <Filter>src\lua</Filter>
    </ClCompile>
    <ClCompile Include="3rdparty\lua\lua540\loadlib.c">
      <Filter>src\lua</Filter>
    </ClCompile>
    <ClCompile Include="3rdparty\lua\lua540\lobject.c">
      <Filter>src\lua</Filter>
    </ClCompile>
    <ClCompile Include="3rdparty\lua\lua540\lopcodes.c">
      <Filter>src\lua</Filter>
    </ClCompile>
    <ClCompile Include="3rdparty\lua\lua540\loslib.c">
      <Filter>src\lua</Filter>
    </ClCompile>
    <ClCompile Include="3rdparty\lua\lua540\lparser.c">
      <Filter>src\lua</Filter>
    </ClCompile>
    <ClCompile Include="3rdparty\lua\lua540\lstate.c">
      <Filter>src\lua</Filter>
    </ClCompile>
    <ClCompile Include="3rdparty\lua\lua540\lstring.c">
      <Filter>src\lua</Filter>
    </ClCompile>
    <ClCompile Include="3rdparty\lua\lua540\lstrlib.c">
      <Filter>src\lua</Filter>
    </ClCompile>
    <ClCompile Include="3rdparty\lua\lua540\ltable.c">
      <Filter>src\lua</Filter>
    </ClCompile>
    <ClCompile Include="3rdparty\lua\lua540\ltablib.c">
      <Filter>src\lua</Filter>
    </ClCompile>
    <ClCompile Include="3rdparty\lua\lua540\ltests.c">
      <Filter>src\lua</Filter>
    </ClCompile>
    <ClCompile Include="3rdparty\lua\lua540\ltm.c">
      <Filter>src\lua</Filter>
    </ClCompile>
    <ClCompile Include="3rdparty\lua\lua540\lundump.c">
      <Filter>src\lua</Filter>
    </ClCompile>
    <ClCompile Include="3rdparty\lua\lua540\lutf8lib.c">
      <Filter>src\lua</Filter>
    </ClCompile>
    <ClCompile Include="3rdparty\lua\lua540\lvm.c">
      <Filter>src\lua</Filter>
    </ClCompile>
    <ClCompile Include="3rdparty\lua\lua540\lzio.c">
      <Filter>src\lua</Filter>
    </ClCompile>
    <ClCompile Include="src\Script.cpp">
      <Filter>src\core</Filter>
    </ClCompile>
    <ClCompile Include="examples\scripting\scripting.cpp">
      <Filter>examples</Filter>
    </ClCompile>
  </ItemGroup>
  <ItemGroup>
    <ClInclude Include="utils\buffer_builder.h">
      <Filter>utils</Filter>
    </ClInclude>
    <ClInclude Include="utils\glhelpers.h">
      <Filter>utils</Filter>
    </ClInclude>
    <ClInclude Include="utils\log.h">
      <Filter>utils</Filter>
    </ClInclude>
    <ClInclude Include="utils\singleton.h">
      <Filter>utils</Filter>
    </ClInclude>
    <ClInclude Include="utils\stdhelpers.h">
      <Filter>utils</Filter>
    </ClInclude>
    <ClInclude Include="utils\utils.h">
      <Filter>utils</Filter>
    </ClInclude>
    <ClInclude Include="utils\vertex_buffer_builder.h">
      <Filter>utils</Filter>
    </ClInclude>
    <ClInclude Include="examples\empty3d\empty3d.h">
      <Filter>examples</Filter>
    </ClInclude>
    <ClInclude Include="include\Application.h">
      <Filter>src\core</Filter>
    </ClInclude>
    <ClInclude Include="include\Camera.h">
      <Filter>src\core</Filter>
    </ClInclude>
    <ClInclude Include="include\framework.h">
      <Filter>src\core</Filter>
    </ClInclude>
    <ClInclude Include="include\GLRT.h">
      <Filter>src\core</Filter>
    </ClInclude>
    <ClInclude Include="include\Light.h">
      <Filter>src\core</Filter>
    </ClInclude>
    <ClInclude Include="include\Material.h">
      <Filter>src\core</Filter>
    </ClInclude>
    <ClInclude Include="include\Mesh.h">
      <Filter>src\core</Filter>
    </ClInclude>
    <ClInclude Include="include\Renderer.h">
      <Filter>src\core</Filter>
    </ClInclude>
    <ClInclude Include="include\RenderTarget.h">
      <Filter>src\core</Filter>
    </ClInclude>
    <ClInclude Include="include\ResourceMonitor.h">
      <Filter>src\core</Filter>
    </ClInclude>
    <ClInclude Include="include\Shader.h">
      <Filter>src\core</Filter>
    </ClInclude>
    <ClInclude Include="include\Texture.h">
      <Filter>src\core</Filter>
    </ClInclude>
    <ClInclude Include="include\Window.h">
      <Filter>src\core</Filter>
    </ClInclude>
    <ClInclude Include="include\scene\node.h">
      <Filter>src\scene</Filter>
    </ClInclude>
    <ClInclude Include="include\scene\scene.h">
      <Filter>src\scene</Filter>
    </ClInclude>
  </ItemGroup>
</Project>